{
  "name": "CentroSalud",
  "lockfileVersion": 2,
  "requires": true,
  "packages": {
    "": {
      "dependencies": {
        "fullcalendar": "^5.11.3",
        "sweetalert2": "^11.6.6"
      }
    },
    "node_modules/fullcalendar": {
      "version": "5.11.3",
      "resolved": "https://registry.npmjs.org/fullcalendar/-/fullcalendar-5.11.3.tgz",
      "integrity": "sha512-SgqiMEA+lWLyEd2jEwtIxdfx41j2CZr4KK00D2Gepj1MnGOjaEi13athnU6xvqMQXXjgJNj+vmlUP69QiuGncQ=="
    },
    "node_modules/sweetalert2": {
      "version": "11.6.6",
      "resolved": "https://registry.npmjs.org/sweetalert2/-/sweetalert2-11.6.6.tgz",
      "integrity": "sha512-HSHYnhvdNVa0nTS1hfhocZXd8u6qptyPtU2LIgrueS2SpHmPMA0Z3J2FLpjqKRYgznbPgSAQ7Z9SJTf1cV4PXg==",
      "funding": {
        "type": "individual",
        "url": "https://github.com/sponsors/limonte"
      }
    }
  },
  "dependencies": {
    "fullcalendar": {
      "version": "5.11.3",
      "resolved": "https://registry.npmjs.org/fullcalendar/-/fullcalendar-5.11.3.tgz",
      "integrity": "sha512-SgqiMEA+lWLyEd2jEwtIxdfx41j2CZr4KK00D2Gepj1MnGOjaEi13athnU6xvqMQXXjgJNj+vmlUP69QiuGncQ=="
    },
    "sweetalert2": {
      "version": "11.6.6",
      "resolved": "https://registry.npmjs.org/sweetalert2/-/sweetalert2-11.6.6.tgz",
      "integrity": "sha512-HSHYnhvdNVa0nTS1hfhocZXd8u6qptyPtU2LIgrueS2SpHmPMA0Z3J2FLpjqKRYgznbPgSAQ7Z9SJTf1cV4PXg=="
    }
  }
}
